
Microsoft Visual Studio Solution File, Format Version 12.00
# Visual Studio Version 17
VisualStudioVersion = 17.0.31903.59
MinimumVisualStudioVersion = 10.0.40219.1
Project("{FAE04EC0-301F-11D3-BF4B-00C04F79EFBC}") = "FizzBuzz", "FizzBuzz\FizzBuzz.csproj", "{FAC2A998-19E5-428A-B920-C5539077048B}"
EndProject
Global
	GlobalSection(SolutionConfigurationPlatforms) = preSolution
		Debug|Any CPU = Debug|Any CPU
		Release|Any CPU = Release|Any CPU
	EndGlobalSection
	GlobalSection(SolutionProperties) = preSolution
		HideSolutionNode = FALSE
	EndGlobalSection
	GlobalSection(ProjectConfigurationPlatforms) = postSolution
		{FAC2A998-19E5-428A-B920-C5539077048B}.Debug|Any CPU.ActiveCfg = Debug|Any CPU
		{FAC2A998-19E5-428A-B920-C5539077048B}.Debug|Any CPU.Build.0 = Debug|Any CPU
		{FAC2A998-19E5-428A-B920-C5539077048B}.Release|Any CPU.ActiveCfg = Release|Any CPU
		{FAC2A998-19E5-428A-B920-C5539077048B}.Release|Any CPU.Build.0 = Release|Any CPU
	EndGlobalSection
EndGlobal
